
Microsoft Visual Studio Solution File, Format Version 12.00
# Visual Studio 14
VisualStudioVersion = 14.0.25420.1
MinimumVisualStudioVersion = 10.0.40219.1
Project("{2150E333-8FDC-42A3-9474-1A3956D46DE8}") = "Common", "Common", "{813FA785-C079-46D3-92FE-DE8B598B6451}"
EndProject
Project("{2150E333-8FDC-42A3-9474-1A3956D46DE8}") = "Factory", "Factory", "{EDA53392-4AB3-4259-83E8-5F111F95FD73}"
EndProject
Project("{FAE04EC0-301F-11D3-BF4B-00C04F79EFBC}") = "Common.Base", "Common\Common.Base\Common.Base.csproj", "{1B7EE902-0C2F-44A9-92F8-81C5E75A3A64}"
EndProject
Project("{FAE04EC0-301F-11D3-BF4B-00C04F79EFBC}") = "Common.IService", "Common\Common.Interface\Common.IService.csproj", "{DDD70E31-BF62-4F0F-ABD2-5A366DB00545}"
EndProject
Project("{FAE04EC0-301F-11D3-BF4B-00C04F79EFBC}") = "Common.Ioc", "Common\Common.Ioc\Common.Ioc.csproj", "{4EBD36D8-9371-4728-8082-673C693B65DB}"
EndProject
Project("{FAE04EC0-301F-11D3-BF4B-00C04F79EFBC}") = "Common.Service", "Common\Common.Service\Common.Service.csproj", "{DF25C547-9681-4465-A189-6CA3AFD142AD}"
EndProject
Project("{FAE04EC0-301F-11D3-BF4B-00C04F79EFBC}") = "CommonTools", "Common\CommonTools\CommonTools.csproj", "{6648BC37-38A3-48EB-BF74-9A66B912594F}"
EndProject
Project("{FAE04EC0-301F-11D3-BF4B-00C04F79EFBC}") = "Factory", "Factory\Factory\Factory.csproj", "{3ED580EA-40DA-49C0-A0DC-CA46041194E7}"
EndProject
Project("{2150E333-8FDC-42A3-9474-1A3956D46DE8}") = "Model", "Model", "{A26540B1-752D-4AAB-B7BB-0543C71FA5E8}"
EndProject
Project("{FAE04EC0-301F-11D3-BF4B-00C04F79EFBC}") = "Model", "Model\Model\Model.csproj", "{E9148552-E956-47C0-ADD7-80E33EB4DB35}"
EndProject
Project("{2150E333-8FDC-42A3-9474-1A3956D46DE8}") = "Buffer", "Buffer", "{ED82C02F-41B7-420C-9D73-45B296BF8F9D}"
EndProject
Project("{FAE04EC0-301F-11D3-BF4B-00C04F79EFBC}") = "Buffer", "Buffer\Buffer\Buffer.csproj", "{BDDFBEEA-D602-4224-8907-D80E41852C9A}"
EndProject
Project("{2150E333-8FDC-42A3-9474-1A3956D46DE8}") = "Master", "Master", "{45A753AF-7529-4DDF-8A35-DA41F48283E3}"
EndProject
Project("{FAE04EC0-301F-11D3-BF4B-00C04F79EFBC}") = "Master.IRepository", "Mater\Master.IRepository\Master.IRepository.csproj", "{120B69F2-59A6-4148-A418-8CC7F165011F}"
EndProject
Project("{FAE04EC0-301F-11D3-BF4B-00C04F79EFBC}") = "Master.Repository", "Mater\Master.Repository\Master.Repository.csproj", "{71F0EC48-7BCA-4E23-B3EF-63E5F74E33D5}"
EndProject
Project("{FAE04EC0-301F-11D3-BF4B-00C04F79EFBC}") = "Master.Common", "Mater\Master.Common\Master.Common.csproj", "{C503C8F8-14D8-485F-B28E-C5F395528BD0}"
EndProject
Project("{FAE04EC0-301F-11D3-BF4B-00C04F79EFBC}") = "Master.IBussiness", "Mater\Master.IBussiness\Master.IBussiness.csproj", "{F73EABB3-D46C-4A89-A32F-A12AE1DEFB13}"
EndProject
Project("{FAE04EC0-301F-11D3-BF4B-00C04F79EFBC}") = "Master.Bussiness", "Mater\Master.Bussiness\Master.Bussiness.csproj", "{E58531BE-FB34-47E6-B978-D5AABF692438}"
EndProject
Project("{2150E333-8FDC-42A3-9474-1A3956D46DE8}") = "Project", "Project", "{174B177B-6222-4612-9A7B-AABC3881A6EF}"
EndProject
Project("{2150E333-8FDC-42A3-9474-1A3956D46DE8}") = "OauthService", "OauthService", "{AC208BCE-D491-480F-B427-2456C9DFFFA3}"
EndProject
Project("{FAE04EC0-301F-11D3-BF4B-00C04F79EFBC}") = "OauthService.Api", "Project\OauthService\OauthService.Api\OauthService.Api.csproj", "{E4BCE0D3-535F-4B68-8854-AA68F044A116}"
EndProject
Project("{FAE04EC0-301F-11D3-BF4B-00C04F79EFBC}") = "OauthService.Common", "Project\OauthService\OauthService.Common\OauthService.Common.csproj", "{EA8A087D-359B-43C5-9235-21B5CD1BCA64}"
EndProject
Project("{FAE04EC0-301F-11D3-BF4B-00C04F79EFBC}") = "OauthService.IBussiness", "Project\OauthService\OauthService.IBussiness\OauthService.IBussiness.csproj", "{EB75D504-26BA-41BB-B285-BD1EF68ED45E}"
EndProject
Project("{FAE04EC0-301F-11D3-BF4B-00C04F79EFBC}") = "OauthService.Bussiness", "Project\OauthService\OauthService.Bussiness\OauthService.Bussiness.csproj", "{BA21A153-D2DA-4A60-BCC0-D9A653963BF3}"
EndProject
Project("{2150E333-8FDC-42A3-9474-1A3956D46DE8}") = "Data", "Data", "{EFCBDCB8-2887-46BA-8AF7-C993157F3EE6}"
EndProject
Global
	GlobalSection(SolutionConfigurationPlatforms) = preSolution
		Debug|Any CPU = Debug|Any CPU
		Release|Any CPU = Release|Any CPU
	EndGlobalSection
	GlobalSection(ProjectConfigurationPlatforms) = postSolution
		{1B7EE902-0C2F-44A9-92F8-81C5E75A3A64}.Debug|Any CPU.ActiveCfg = Debug|Any CPU
		{1B7EE902-0C2F-44A9-92F8-81C5E75A3A64}.Debug|Any CPU.Build.0 = Debug|Any CPU
		{1B7EE902-0C2F-44A9-92F8-81C5E75A3A64}.Release|Any CPU.ActiveCfg = Release|Any CPU
		{1B7EE902-0C2F-44A9-92F8-81C5E75A3A64}.Release|Any CPU.Build.0 = Release|Any CPU
		{DDD70E31-BF62-4F0F-ABD2-5A366DB00545}.Debug|Any CPU.ActiveCfg = Debug|Any CPU
		{DDD70E31-BF62-4F0F-ABD2-5A366DB00545}.Debug|Any CPU.Build.0 = Debug|Any CPU
		{DDD70E31-BF62-4F0F-ABD2-5A366DB00545}.Release|Any CPU.ActiveCfg = Release|Any CPU
		{DDD70E31-BF62-4F0F-ABD2-5A366DB00545}.Release|Any CPU.Build.0 = Release|Any CPU
		{4EBD36D8-9371-4728-8082-673C693B65DB}.Debug|Any CPU.ActiveCfg = Debug|Any CPU
		{4EBD36D8-9371-4728-8082-673C693B65DB}.Debug|Any CPU.Build.0 = Debug|Any CPU
		{4EBD36D8-9371-4728-8082-673C693B65DB}.Release|Any CPU.ActiveCfg = Release|Any CPU
		{4EBD36D8-9371-4728-8082-673C693B65DB}.Release|Any CPU.Build.0 = Release|Any CPU
		{DF25C547-9681-4465-A189-6CA3AFD142AD}.Debug|Any CPU.ActiveCfg = Debug|Any CPU
		{DF25C547-9681-4465-A189-6CA3AFD142AD}.Debug|Any CPU.Build.0 = Debug|Any CPU
		{DF25C547-9681-4465-A189-6CA3AFD142AD}.Release|Any CPU.ActiveCfg = Release|Any CPU
		{DF25C547-9681-4465-A189-6CA3AFD142AD}.Release|Any CPU.Build.0 = Release|Any CPU
		{6648BC37-38A3-48EB-BF74-9A66B912594F}.Debug|Any CPU.ActiveCfg = Debug|Any CPU
		{6648BC37-38A3-48EB-BF74-9A66B912594F}.Debug|Any CPU.Build.0 = Debug|Any CPU
		{6648BC37-38A3-48EB-BF74-9A66B912594F}.Release|Any CPU.ActiveCfg = Release|Any CPU
		{6648BC37-38A3-48EB-BF74-9A66B912594F}.Release|Any CPU.Build.0 = Release|Any CPU
		{3ED580EA-40DA-49C0-A0DC-CA46041194E7}.Debug|Any CPU.ActiveCfg = Debug|Any CPU
		{3ED580EA-40DA-49C0-A0DC-CA46041194E7}.Debug|Any CPU.Build.0 = Debug|Any CPU
		{3ED580EA-40DA-49C0-A0DC-CA46041194E7}.Release|Any CPU.ActiveCfg = Release|Any CPU
		{3ED580EA-40DA-49C0-A0DC-CA46041194E7}.Release|Any CPU.Build.0 = Release|Any CPU
		{E9148552-E956-47C0-ADD7-80E33EB4DB35}.Debug|Any CPU.ActiveCfg = Debug|Any CPU
		{E9148552-E956-47C0-ADD7-80E33EB4DB35}.Debug|Any CPU.Build.0 = Debug|Any CPU
		{E9148552-E956-47C0-ADD7-80E33EB4DB35}.Release|Any CPU.ActiveCfg = Release|Any CPU
		{E9148552-E956-47C0-ADD7-80E33EB4DB35}.Release|Any CPU.Build.0 = Release|Any CPU
		{BDDFBEEA-D602-4224-8907-D80E41852C9A}.Debug|Any CPU.ActiveCfg = Debug|Any CPU
		{BDDFBEEA-D602-4224-8907-D80E41852C9A}.Debug|Any CPU.Build.0 = Debug|Any CPU
		{BDDFBEEA-D602-4224-8907-D80E41852C9A}.Release|Any CPU.ActiveCfg = Release|Any CPU
		{BDDFBEEA-D602-4224-8907-D80E41852C9A}.Release|Any CPU.Build.0 = Release|Any CPU
		{120B69F2-59A6-4148-A418-8CC7F165011F}.Debug|Any CPU.ActiveCfg = Debug|Any CPU
		{120B69F2-59A6-4148-A418-8CC7F165011F}.Debug|Any CPU.Build.0 = Debug|Any CPU
		{120B69F2-59A6-4148-A418-8CC7F165011F}.Release|Any CPU.ActiveCfg = Release|Any CPU
		{120B69F2-59A6-4148-A418-8CC7F165011F}.Release|Any CPU.Build.0 = Release|Any CPU
		{71F0EC48-7BCA-4E23-B3EF-63E5F74E33D5}.Debug|Any CPU.ActiveCfg = Debug|Any CPU
		{71F0EC48-7BCA-4E23-B3EF-63E5F74E33D5}.Debug|Any CPU.Build.0 = Debug|Any CPU
		{71F0EC48-7BCA-4E23-B3EF-63E5F74E33D5}.Release|Any CPU.ActiveCfg = Release|Any CPU
		{71F0EC48-7BCA-4E23-B3EF-63E5F74E33D5}.Release|Any CPU.Build.0 = Release|Any CPU
		{C503C8F8-14D8-485F-B28E-C5F395528BD0}.Debug|Any CPU.ActiveCfg = Debug|Any CPU
		{C503C8F8-14D8-485F-B28E-C5F395528BD0}.Debug|Any CPU.Build.0 = Debug|Any CPU
		{C503C8F8-14D8-485F-B28E-C5F395528BD0}.Release|Any CPU.ActiveCfg = Release|Any CPU
		{C503C8F8-14D8-485F-B28E-C5F395528BD0}.Release|Any CPU.Build.0 = Release|Any CPU
		{F73EABB3-D46C-4A89-A32F-A12AE1DEFB13}.Debug|Any CPU.ActiveCfg = Debug|Any CPU
		{F73EABB3-D46C-4A89-A32F-A12AE1DEFB13}.Debug|Any CPU.Build.0 = Debug|Any CPU
		{F73EABB3-D46C-4A89-A32F-A12AE1DEFB13}.Release|Any CPU.ActiveCfg = Release|Any CPU
		{F73EABB3-D46C-4A89-A32F-A12AE1DEFB13}.Release|Any CPU.Build.0 = Release|Any CPU
		{E58531BE-FB34-47E6-B978-D5AABF692438}.Debug|Any CPU.ActiveCfg = Debug|Any CPU
		{E58531BE-FB34-47E6-B978-D5AABF692438}.Debug|Any CPU.Build.0 = Debug|Any CPU
		{E58531BE-FB34-47E6-B978-D5AABF692438}.Release|Any CPU.ActiveCfg = Release|Any CPU
		{E58531BE-FB34-47E6-B978-D5AABF692438}.Release|Any CPU.Build.0 = Release|Any CPU
		{E4BCE0D3-535F-4B68-8854-AA68F044A116}.Debug|Any CPU.ActiveCfg = Debug|Any CPU
		{E4BCE0D3-535F-4B68-8854-AA68F044A116}.Debug|Any CPU.Build.0 = Debug|Any CPU
		{E4BCE0D3-535F-4B68-8854-AA68F044A116}.Release|Any CPU.ActiveCfg = Release|Any CPU
		{E4BCE0D3-535F-4B68-8854-AA68F044A116}.Release|Any CPU.Build.0 = Release|Any CPU
		{EA8A087D-359B-43C5-9235-21B5CD1BCA64}.Debug|Any CPU.ActiveCfg = Debug|Any CPU
		{EA8A087D-359B-43C5-9235-21B5CD1BCA64}.Debug|Any CPU.Build.0 = Debug|Any CPU
		{EA8A087D-359B-43C5-9235-21B5CD1BCA64}.Release|Any CPU.ActiveCfg = Release|Any CPU
		{EA8A087D-359B-43C5-9235-21B5CD1BCA64}.Release|Any CPU.Build.0 = Release|Any CPU
		{EB75D504-26BA-41BB-B285-BD1EF68ED45E}.Debug|Any CPU.ActiveCfg = Debug|Any CPU
		{EB75D504-26BA-41BB-B285-BD1EF68ED45E}.Debug|Any CPU.Build.0 = Debug|Any CPU
		{EB75D504-26BA-41BB-B285-BD1EF68ED45E}.Release|Any CPU.ActiveCfg = Release|Any CPU
		{EB75D504-26BA-41BB-B285-BD1EF68ED45E}.Release|Any CPU.Build.0 = Release|Any CPU
		{BA21A153-D2DA-4A60-BCC0-D9A653963BF3}.Debug|Any CPU.ActiveCfg = Debug|Any CPU
		{BA21A153-D2DA-4A60-BCC0-D9A653963BF3}.Debug|Any CPU.Build.0 = Debug|Any CPU
		{BA21A153-D2DA-4A60-BCC0-D9A653963BF3}.Release|Any CPU.ActiveCfg = Release|Any CPU
		{BA21A153-D2DA-4A60-BCC0-D9A653963BF3}.Release|Any CPU.Build.0 = Release|Any CPU
	EndGlobalSection
	GlobalSection(SolutionProperties) = preSolution
		HideSolutionNode = FALSE
	EndGlobalSection
	GlobalSection(NestedProjects) = preSolution
		{1B7EE902-0C2F-44A9-92F8-81C5E75A3A64} = {813FA785-C079-46D3-92FE-DE8B598B6451}
		{DDD70E31-BF62-4F0F-ABD2-5A366DB00545} = {813FA785-C079-46D3-92FE-DE8B598B6451}
		{4EBD36D8-9371-4728-8082-673C693B65DB} = {813FA785-C079-46D3-92FE-DE8B598B6451}
		{DF25C547-9681-4465-A189-6CA3AFD142AD} = {813FA785-C079-46D3-92FE-DE8B598B6451}
		{6648BC37-38A3-48EB-BF74-9A66B912594F} = {813FA785-C079-46D3-92FE-DE8B598B6451}
		{3ED580EA-40DA-49C0-A0DC-CA46041194E7} = {EDA53392-4AB3-4259-83E8-5F111F95FD73}
		{E9148552-E956-47C0-ADD7-80E33EB4DB35} = {A26540B1-752D-4AAB-B7BB-0543C71FA5E8}
		{BDDFBEEA-D602-4224-8907-D80E41852C9A} = {ED82C02F-41B7-420C-9D73-45B296BF8F9D}
		{120B69F2-59A6-4148-A418-8CC7F165011F} = {45A753AF-7529-4DDF-8A35-DA41F48283E3}
		{71F0EC48-7BCA-4E23-B3EF-63E5F74E33D5} = {45A753AF-7529-4DDF-8A35-DA41F48283E3}
		{C503C8F8-14D8-485F-B28E-C5F395528BD0} = {45A753AF-7529-4DDF-8A35-DA41F48283E3}
		{F73EABB3-D46C-4A89-A32F-A12AE1DEFB13} = {45A753AF-7529-4DDF-8A35-DA41F48283E3}
		{E58531BE-FB34-47E6-B978-D5AABF692438} = {45A753AF-7529-4DDF-8A35-DA41F48283E3}
		{AC208BCE-D491-480F-B427-2456C9DFFFA3} = {174B177B-6222-4612-9A7B-AABC3881A6EF}
		{E4BCE0D3-535F-4B68-8854-AA68F044A116} = {AC208BCE-D491-480F-B427-2456C9DFFFA3}
		{EA8A087D-359B-43C5-9235-21B5CD1BCA64} = {AC208BCE-D491-480F-B427-2456C9DFFFA3}
		{EB75D504-26BA-41BB-B285-BD1EF68ED45E} = {AC208BCE-D491-480F-B427-2456C9DFFFA3}
		{BA21A153-D2DA-4A60-BCC0-D9A653963BF3} = {AC208BCE-D491-480F-B427-2456C9DFFFA3}
	EndGlobalSection
EndGlobal
